
Microsoft Visual Studio Solution File, Format Version 12.00
# Visual Studio Version 17
VisualStudioVersion = 17.14.36616.10 d17.14
MinimumVisualStudioVersion = 10.0.40219.1
Project("{FAE04EC0-301F-11D3-BF4B-00C04F79EFBC}") = "SmartInventory", "SmartInventory\SmartInventory.csproj", "{B18818BE-49C9-4D00-86C9-6E5A314FC8B2}"
EndProject
Global
	GlobalSection(SolutionConfigurationPlatforms) = preSolution
		Debug|Any CPU = Debug|Any CPU
		Release|Any CPU = Release|Any CPU
	EndGlobalSection
	GlobalSection(ProjectConfigurationPlatforms) = postSolution
		{B18818BE-49C9-4D00-86C9-6E5A314FC8B2}.Debug|Any CPU.ActiveCfg = Debug|Any CPU
		{B18818BE-49C9-4D00-86C9-6E5A314FC8B2}.Debug|Any CPU.Build.0 = Debug|Any CPU
		{B18818BE-49C9-4D00-86C9-6E5A314FC8B2}.Release|Any CPU.ActiveCfg = Release|Any CPU
		{B18818BE-49C9-4D00-86C9-6E5A314FC8B2}.Release|Any CPU.Build.0 = Release|Any CPU
	EndGlobalSection
	GlobalSection(SolutionProperties) = preSolution
		HideSolutionNode = FALSE
	EndGlobalSection
	GlobalSection(ExtensibilityGlobals) = postSolution
		SolutionGuid = {7AC243B9-2778-4CA4-94C1-E8D66D26DC9F}
	EndGlobalSection
EndGlobal
